<Solution>
  <Project Path="Barmetler.RoadSystem.Runtime.csproj" />
  <Project Path="Barmetler.RoadSystem.Editor.csproj" />
  <Project Path="Assembly-CSharp-Editor.csproj" />
  <Project Path="Barmetler.RoadSystem.Editor.Tests.csproj" />
  <Project Path="Assembly-CSharp.csproj" />
  <Project Path="Barmetler.RoadSystem.Runtime.Tests.csproj" />
</Solution>
